
Microsoft Visual Studio Solution File, Format Version 12.00
# Visual Studio Version 16
VisualStudioVersion = 16.0.28803.352
MinimumVisualStudioVersion = 10.0.40219.1
Project("{FAE04EC0-301F-11D3-BF4B-00C04F79EFBC}") = "Graf4", "Graf4.csproj", "{385F435F-0B44-4794-9FC1-48E862F8DAD3}"
EndProject
Global
	GlobalSection(SolutionConfigurationPlatforms) = preSolution
		Debug|Any CPU = Debug|Any CPU
		Release|Any CPU = Release|Any CPU
	EndGlobalSection
	GlobalSection(ProjectConfigurationPlatforms) = postSolution
		{385F435F-0B44-4794-9FC1-48E862F8DAD3}.Debug|Any CPU.ActiveCfg = Debug|Any CPU
		{385F435F-0B44-4794-9FC1-48E862F8DAD3}.Debug|Any CPU.Build.0 = Debug|Any CPU
		{385F435F-0B44-4794-9FC1-48E862F8DAD3}.Release|Any CPU.ActiveCfg = Release|Any CPU
		{385F435F-0B44-4794-9FC1-48E862F8DAD3}.Release|Any CPU.Build.0 = Release|Any CPU
	EndGlobalSection
	GlobalSection(SolutionProperties) = preSolution
		HideSolutionNode = FALSE
	EndGlobalSection
	GlobalSection(ExtensibilityGlobals) = postSolution
		SolutionGuid = {D2A1D679-BE98-4436-B0EA-A03BEB976073}
	EndGlobalSection
EndGlobal
